
Microsoft Visual Studio Solution File, Format Version 12.00
# Visual Studio Version 17
VisualStudioVersion = 17.5.002.0
MinimumVisualStudioVersion = 10.0.40219.1
Project("{9A19103F-16F7-4668-BE54-9A1E7A4F7556}") = "StarWarsConquest", "StarWarsConquest.csproj", "{B52896A3-FC55-42E5-858A-47B4F1CEEB94}"
EndProject
Global
	GlobalSection(SolutionConfigurationPlatforms) = preSolution
		Debug|Any CPU = Debug|Any CPU
		Release|Any CPU = Release|Any CPU
	EndGlobalSection
	GlobalSection(ProjectConfigurationPlatforms) = postSolution
		{B52896A3-FC55-42E5-858A-47B4F1CEEB94}.Debug|Any CPU.ActiveCfg = Debug|Any CPU
		{B52896A3-FC55-42E5-858A-47B4F1CEEB94}.Debug|Any CPU.Build.0 = Debug|Any CPU
		{B52896A3-FC55-42E5-858A-47B4F1CEEB94}.Release|Any CPU.ActiveCfg = Release|Any CPU
		{B52896A3-FC55-42E5-858A-47B4F1CEEB94}.Release|Any CPU.Build.0 = Release|Any CPU
	EndGlobalSection
	GlobalSection(SolutionProperties) = preSolution
		HideSolutionNode = FALSE
	EndGlobalSection
	GlobalSection(ExtensibilityGlobals) = postSolution
		SolutionGuid = {05DF9959-C643-4E5D-96EC-D49096A678E8}
	EndGlobalSection
EndGlobal
